<?xml version="1.0" encoding="utf-8"?>
<Project ToolsVersion="4.0" xmlns="http://schemas.microsoft.com/developer/msbuild/2003">
  <ItemGroup>
    <Filter Include="Archivos de origen">
      <UniqueIdentifier>{4FC737F1-C7A5-4376-A066-2A32D752A2FF}</UniqueIdentifier>
      <Extensions>cpp;c;cc;cxx;c++;cppm;ixx;def;odl;idl;hpj;bat;asm;asmx</Extensions>
    </Filter>
    <Filter Include="Archivos de encabezado">
      <UniqueIdentifier>{93995380-89BD-4b04-88EB-625FBE52EBFB}</UniqueIdentifier>
      <Extensions>h;hh;hpp;hxx;h++;hm;inl;inc;ipp;xsd</Extensions>
    </Filter>
    <Filter Include="Archivos de recursos">
      <UniqueIdentifier>{67DA6AB6-F800-4c08-8B7A-83BB121AAD01}</UniqueIdentifier>
      <Extensions>rc;ico;cur;bmp;dlg;rc2;rct;bin;rgs;gif;jpg;jpeg;jpe;resx;tiff;tif;png;wav;mfcribbon-ms</Extensions>
    </Filter>
    <Filter Include="Archivos de origen\Util">
      <UniqueIdentifier>{06060572-fa2a-40ad-aded-210ead6f4eb7}</UniqueIdentifier>
    </Filter>
    <Filter Include="Archivos de encabezado\Util">
      <UniqueIdentifier>{dbe258a4-0585-49fe-a295-46db73d4517b}</UniqueIdentifier>
    </Filter>
    <Filter Include="Archivos de encabezado\Util\Chipmunk">
      <UniqueIdentifier>{0ebd7796-a2f5-4866-a54a-11d6552f6560}</UniqueIdentifier>
    </Filter>
    <Filter Include="Archivos de origen\Util\Chipmunk">
      <UniqueIdentifier>{c868ad0b-82a5-4772-8b34-ffef86a97c8e}</UniqueIdentifier>
    </Filter>
    <Filter Include="Archivos de encabezado\Factories">
      <UniqueIdentifier>{d380da33-38d4-4de3-9df0-2de60960bc01}</UniqueIdentifier>
    </Filter>
    <Filter Include="Archivos de encabezado\Actors">
      <UniqueIdentifier>{f5cd8c76-7958-4bfd-bb76-bb352060cc66}</UniqueIdentifier>
    </Filter>
    <Filter Include="Archivos de encabezado\Actors\Map">
      <UniqueIdentifier>{06507570-696b-436a-9a6d-9817a03758ae}</UniqueIdentifier>
    </Filter>
    <Filter Include="Archivos de encabezado\Actors\Weapons">
      <UniqueIdentifier>{fdffa6d5-56de-4121-ba2c-2688d1e1efd7}</UniqueIdentifier>
    </Filter>
    <Filter Include="Archivos de encabezado\Layers">
      <UniqueIdentifier>{b239cacd-b7d0-47e7-b451-616044d378b0}</UniqueIdentifier>
    </Filter>
    <Filter Include="Archivos de encabezado\Scenarios">
      <UniqueIdentifier>{586fc031-9a04-4a27-8784-e0cb2e68fdee}</UniqueIdentifier>
    </Filter>
    <Filter Include="Archivos de encabezado\States">
      <UniqueIdentifier>{53d6af94-489a-4f8c-a36b-bc4bace1145b}</UniqueIdentifier>
    </Filter>
    <Filter Include="Archivos de origen\Actors">
      <UniqueIdentifier>{c377cf1a-0db8-4c30-87fa-8e036bb41719}</UniqueIdentifier>
    </Filter>
    <Filter Include="Archivos de origen\Actors\Map">
      <UniqueIdentifier>{60a9522b-85da-407b-a14e-bd9f26fd1db0}</UniqueIdentifier>
    </Filter>
    <Filter Include="Archivos de origen\Actors\Weapons">
      <UniqueIdentifier>{8e15c468-ef57-40ab-8fa6-86af492c7e6f}</UniqueIdentifier>
    </Filter>
    <Filter Include="Archivos de origen\Layers">
      <UniqueIdentifier>{44fb0c48-a4a7-4160-8e3a-a8d9f016440d}</UniqueIdentifier>
    </Filter>
    <Filter Include="Archivos de origen\Scenarios">
      <UniqueIdentifier>{68c33409-6fd6-4518-8737-7e2d722ca940}</UniqueIdentifier>
    </Filter>
    <Filter Include="Archivos de origen\States">
      <UniqueIdentifier>{3edeffff-28ff-4f5f-959f-1e96583f10be}</UniqueIdentifier>
    </Filter>
    <Filter Include="Archivos de origen\Factories">
      <UniqueIdentifier>{d11b12b8-2698-4338-be48-e2cb5f960b70}</UniqueIdentifier>
    </Filter>
    <Filter Include="Archivos de encabezado\Actors\Weapons\Auto">
      <UniqueIdentifier>{2080fb67-1362-42b4-8a76-b0b96bde19db}</UniqueIdentifier>
    </Filter>
    <Filter Include="Archivos de origen\Actors\Weapons\Auto">
      <UniqueIdentifier>{daf0f17f-3ec0-496f-bfdc-b49c0c9c280d}</UniqueIdentifier>
    </Filter>
    <Filter Include="Archivos de encabezado\States\PlayerStates">
      <UniqueIdentifier>{4a775da0-85b5-4ab9-a3e0-b80c8365398d}</UniqueIdentifier>
    </Filter>
    <Filter Include="Archivos de encabezado\States\WeaponStates">
      <UniqueIdentifier>{520e2739-26b8-4eb9-99cb-9eb2a3c7d2d9}</UniqueIdentifier>
    </Filter>
    <Filter Include="Archivos de origen\States\PlayerStates">
      <UniqueIdentifier>{d2662232-5882-4332-9528-ad0f5080121c}</UniqueIdentifier>
    </Filter>
    <Filter Include="Archivos de origen\States\WeaponStates">
      <UniqueIdentifier>{e2cd7d04-eb38-492c-8de4-96b7d3ed5ac9}</UniqueIdentifier>
    </Filter>
    <Filter Include="Archivos de encabezado\Audio">
      <UniqueIdentifier>{7cc985aa-bba4-4a96-b526-b039a2166017}</UniqueIdentifier>
    </Filter>
    <Filter Include="Archivos de origen\Audio">
      <UniqueIdentifier>{6dcb9c69-9ca3-4ef8-8cf3-9078f20ff291}</UniqueIdentifier>
    </Filter>
    <Filter Include="Archivos de encabezado\Hud">
      <UniqueIdentifier>{22395306-96c4-4b15-8128-0552813c98f0}</UniqueIdentifier>
    </Filter>
    <Filter Include="Archivos de origen\Hud">
      <UniqueIdentifier>{884e40fa-ad7f-4215-871c-919e4381e89e}</UniqueIdentifier>
    </Filter>
    <Filter Include="Archivos de encabezado\Hud\Modules">
      <UniqueIdentifier>{4dcad3e1-f865-450d-a470-1ecc9688fdd7}</UniqueIdentifier>
    </Filter>
    <Filter Include="Archivos de origen\Hud\Modules">
      <UniqueIdentifier>{a5191b00-2f86-4e5a-8fb6-4eeef7517b9d}</UniqueIdentifier>
    </Filter>
  </ItemGroup>
  <ItemGroup>
    <ClCompile Include="Main.cpp">
      <Filter>Archivos de origen</Filter>
    </ClCompile>
    <ClCompile Include="Game.cpp">
      <Filter>Archivos de origen</Filter>
    </ClCompile>
    <ClCompile Include="Layer.cpp">
      <Filter>Archivos de origen\Layers</Filter>
    </ClCompile>
    <ClCompile Include="GameLayer.cpp">
      <Filter>Archivos de origen\Layers</Filter>
    </ClCompile>
    <ClCompile Include="Scenario.cpp">
      <Filter>Archivos de origen\Scenarios</Filter>
    </ClCompile>
    <ClCompile Include="Map.cpp">
      <Filter>Archivos de origen\Scenarios</Filter>
    </ClCompile>
    <ClCompile Include="Actor.cpp">
      <Filter>Archivos de origen\Actors</Filter>
    </ClCompile>
    <ClCompile Include="tinyxml2.cpp">
      <Filter>Archivos de origen\Util</Filter>
    </ClCompile>
    <ClCompile Include="Tile.cpp">
      <Filter>Archivos de origen\Actors\Map</Filter>
    </ClCompile>
    <ClCompile Include="Parallax.cpp">
      <Filter>Archivos de origen\Actors\Map</Filter>
    </ClCompile>
    <ClCompile Include="Background.cpp">
      <Filter>Archivos de origen\Scenarios</Filter>
    </ClCompile>
    <ClCompile Include="Player.cpp">
      <Filter>Archivos de origen\Actors</Filter>
    </ClCompile>
    <ClCompile Include="chipmunk\chipmunk.c">
      <Filter>Archivos de origen\Util\Chipmunk</Filter>
    </ClCompile>
    <ClCompile Include="chipmunk\cpArbiter.c">
      <Filter>Archivos de origen\Util\Chipmunk</Filter>
    </ClCompile>
    <ClCompile Include="chipmunk\cpArray.c">
      <Filter>Archivos de origen\Util\Chipmunk</Filter>
    </ClCompile>
    <ClCompile Include="chipmunk\cpBBTree.c">
      <Filter>Archivos de origen\Util\Chipmunk</Filter>
    </ClCompile>
    <ClCompile Include="chipmunk\cpBody.c">
      <Filter>Archivos de origen\Util\Chipmunk</Filter>
    </ClCompile>
    <ClCompile Include="chipmunk\cpCollision.c">
      <Filter>Archivos de origen\Util\Chipmunk</Filter>
    </ClCompile>
    <ClCompile Include="chipmunk\cpConstraint.c">
      <Filter>Archivos de origen\Util\Chipmunk</Filter>
    </ClCompile>
    <ClCompile Include="chipmunk\cpDampedRotarySpring.c">
      <Filter>Archivos de origen\Util\Chipmunk</Filter>
    </ClCompile>
    <ClCompile Include="chipmunk\cpDampedSpring.c">
      <Filter>Archivos de origen\Util\Chipmunk</Filter>
    </ClCompile>
    <ClCompile Include="chipmunk\cpGearJoint.c">
      <Filter>Archivos de origen\Util\Chipmunk</Filter>
    </ClCompile>
    <ClCompile Include="chipmunk\cpGrooveJoint.c">
      <Filter>Archivos de origen\Util\Chipmunk</Filter>
    </ClCompile>
    <ClCompile Include="chipmunk\cpHashSet.c">
      <Filter>Archivos de origen\Util\Chipmunk</Filter>
    </ClCompile>
    <ClCompile Include="chipmunk\cpHastySpace.c">
      <Filter>Archivos de origen\Util\Chipmunk</Filter>
    </ClCompile>
    <ClCompile Include="chipmunk\cpMarch.c">
      <Filter>Archivos de origen\Util\Chipmunk</Filter>
    </ClCompile>
    <ClCompile Include="chipmunk\cpPinJoint.c">
      <Filter>Archivos de origen\Util\Chipmunk</Filter>
    </ClCompile>
    <ClCompile Include="chipmunk\cpPivotJoint.c">
      <Filter>Archivos de origen\Util\Chipmunk</Filter>
    </ClCompile>
    <ClCompile Include="chipmunk\cpPolyline.c">
      <Filter>Archivos de origen\Util\Chipmunk</Filter>
    </ClCompile>
    <ClCompile Include="chipmunk\cpPolyShape.c">
      <Filter>Archivos de origen\Util\Chipmunk</Filter>
    </ClCompile>
    <ClCompile Include="chipmunk\cpRatchetJoint.c">
      <Filter>Archivos de origen\Util\Chipmunk</Filter>
    </ClCompile>
    <ClCompile Include="chipmunk\cpRobust.c">
      <Filter>Archivos de origen\Util\Chipmunk</Filter>
    </ClCompile>
    <ClCompile Include="chipmunk\cpRotaryLimitJoint.c">
      <Filter>Archivos de origen\Util\Chipmunk</Filter>
    </ClCompile>
    <ClCompile Include="chipmunk\cpShape.c">
      <Filter>Archivos de origen\Util\Chipmunk</Filter>
    </ClCompile>
    <ClCompile Include="chipmunk\cpSimpleMotor.c">
      <Filter>Archivos de origen\Util\Chipmunk</Filter>
    </ClCompile>
    <ClCompile Include="chipmunk\cpSlideJoint.c">
      <Filter>Archivos de origen\Util\Chipmunk</Filter>
    </ClCompile>
    <ClCompile Include="chipmunk\cpSpace.c">
      <Filter>Archivos de origen\Util\Chipmunk</Filter>
    </ClCompile>
    <ClCompile Include="chipmunk\cpSpaceComponent.c">
      <Filter>Archivos de origen\Util\Chipmunk</Filter>
    </ClCompile>
    <ClCompile Include="chipmunk\cpSpaceDebug.c">
      <Filter>Archivos de origen\Util\Chipmunk</Filter>
    </ClCompile>
    <ClCompile Include="chipmunk\cpSpaceHash.c">
      <Filter>Archivos de origen\Util\Chipmunk</Filter>
    </ClCompile>
    <ClCompile Include="chipmunk\cpSpaceQuery.c">
      <Filter>Archivos de origen\Util\Chipmunk</Filter>
    </ClCompile>
    <ClCompile Include="chipmunk\cpSpaceStep.c">
      <Filter>Archivos de origen\Util\Chipmunk</Filter>
    </ClCompile>
    <ClCompile Include="chipmunk\cpSpatialIndex.c">
      <Filter>Archivos de origen\Util\Chipmunk</Filter>
    </ClCompile>
    <ClCompile Include="chipmunk\cpSweep1D.c">
      <Filter>Archivos de origen\Util\Chipmunk</Filter>
    </ClCompile>
    <ClCompile Include="State.cpp">
      <Filter>Archivos de origen\States</Filter>
    </ClCompile>
    <ClCompile Include="IdlePlayerState.cpp">
      <Filter>Archivos de origen\States\PlayerStates</Filter>
    </ClCompile>
    <ClCompile Include="MovingPlayerState.cpp">
      <Filter>Archivos de origen\States\PlayerStates</Filter>
    </ClCompile>
    <ClCompile Include="JumpingPlayerState.cpp">
      <Filter>Archivos de origen\States\PlayerStates</Filter>
    </ClCompile>
    <ClCompile Include="FallingPlayerState.cpp">
      <Filter>Archivos de origen\States\PlayerStates</Filter>
    </ClCompile>
    <ClCompile Include="ChipmunkHelper.cpp">
      <Filter>Archivos de origen\Util</Filter>
    </ClCompile>
    <ClCompile Include="DoubleJumpingPlayerState.cpp">
      <Filter>Archivos de origen\States\PlayerStates</Filter>
    </ClCompile>
    <ClCompile Include="SlidingPlayerState.cpp">
      <Filter>Archivos de origen\States\PlayerStates</Filter>
    </ClCompile>
    <ClCompile Include="DashingPlayerState.cpp">
      <Filter>Archivos de origen\States\PlayerStates</Filter>
    </ClCompile>
    <ClCompile Include="Weapon.cpp">
      <Filter>Archivos de origen\Actors\Weapons</Filter>
    </ClCompile>
    <ClCompile Include="WeaponSpawner.cpp">
      <Filter>Archivos de origen\Actors\Weapons</Filter>
    </ClCompile>
    <ClCompile Include="Projectile.cpp">
      <Filter>Archivos de origen\Actors</Filter>
    </ClCompile>
    <ClCompile Include="StateFactory.cpp">
      <Filter>Archivos de origen\Factories</Filter>
    </ClCompile>
    <ClCompile Include="WeaponFactory.cpp">
      <Filter>Archivos de origen\Factories</Filter>
    </ClCompile>
    <ClCompile Include="Ak47.cpp">
      <Filter>Archivos de origen\Actors\Weapons\Auto</Filter>
    </ClCompile>
    <ClCompile Include="AutomaticWeapon.cpp">
      <Filter>Archivos de origen\Actors\Weapons\Auto</Filter>
    </ClCompile>
    <ClCompile Include="LoadedWeaponState.cpp">
      <Filter>Archivos de origen\States\WeaponStates</Filter>
    </ClCompile>
    <ClCompile Include="ReloadingWeaponState.cpp">
      <Filter>Archivos de origen\States\WeaponStates</Filter>
    </ClCompile>
    <ClCompile Include="EmptyWeaponState.cpp">
      <Filter>Archivos de origen\States\WeaponStates</Filter>
    </ClCompile>
    <ClCompile Include="PlayerState.cpp">
      <Filter>Archivos de origen\States</Filter>
    </ClCompile>
    <ClCompile Include="WeaponStateBase.cpp">
      <Filter>Archivos de origen\States\WeaponStates</Filter>
    </ClCompile>
    <ClCompile Include="WeaponState.cpp">
      <Filter>Archivos de origen\States</Filter>
    </ClCompile>
    <ClCompile Include="PlayerStateBase.cpp">
      <Filter>Archivos de origen\States\PlayerStates</Filter>
    </ClCompile>
    <ClCompile Include="AudioPlayer.cpp">
      <Filter>Archivos de origen\Audio</Filter>
    </ClCompile>
    <ClCompile Include="BackgroundAudio.cpp">
      <Filter>Archivos de origen\Audio</Filter>
    </ClCompile>
    <ClCompile Include="SoundEffect.cpp">
      <Filter>Archivos de origen\Audio</Filter>
    </ClCompile>
    <ClCompile Include="Broadcaster.cpp">
      <Filter>Archivos de origen</Filter>
    </ClCompile>
    <ClCompile Include="DyingPlayerState.cpp">
      <Filter>Archivos de origen\States\PlayerStates</Filter>
    </ClCompile>
    <ClCompile Include="Hud.cpp">
      <Filter>Archivos de origen\Hud</Filter>
    </ClCompile>
    <ClCompile Include="HudInstance.cpp">
      <Filter>Archivos de origen\Hud</Filter>
    </ClCompile>
    <ClCompile Include="Text.cpp">
      <Filter>Archivos de origen\Hud\Modules</Filter>
    </ClCompile>
    <ClCompile Include="Pointer.cpp">
      <Filter>Archivos de origen\Hud\Modules</Filter>
    </ClCompile>
    <ClCompile Include="WeaponDisplay.cpp">
      <Filter>Archivos de origen\Hud\Modules</Filter>
    </ClCompile>
    <ClCompile Include="M4.cpp">
      <Filter>Archivos de origen\Actors\Weapons\Auto</Filter>
    </ClCompile>
  </ItemGroup>
  <ItemGroup>
    <ClInclude Include="Game.h">
      <Filter>Archivos de encabezado</Filter>
    </ClInclude>
    <ClInclude Include="Layer.h">
      <Filter>Archivos de encabezado\Layers</Filter>
    </ClInclude>
    <ClInclude Include="GameLayer.h">
      <Filter>Archivos de encabezado\Layers</Filter>
    </ClInclude>
    <ClInclude Include="Scenario.h">
      <Filter>Archivos de encabezado\Scenarios</Filter>
    </ClInclude>
    <ClInclude Include="Map.h">
      <Filter>Archivos de encabezado\Scenarios</Filter>
    </ClInclude>
    <ClInclude Include="tinyxml2.h">
      <Filter>Archivos de encabezado\Util</Filter>
    </ClInclude>
    <ClInclude Include="Tile.h">
      <Filter>Archivos de encabezado\Actors\Map</Filter>
    </ClInclude>
    <ClInclude Include="Actor.h">
      <Filter>Archivos de encabezado\Actors</Filter>
    </ClInclude>
    <ClInclude Include="Parallax.h">
      <Filter>Archivos de encabezado\Actors\Map</Filter>
    </ClInclude>
    <ClInclude Include="Background.h">
      <Filter>Archivos de encabezado\Scenarios</Filter>
    </ClInclude>
    <ClInclude Include="Player.h">
      <Filter>Archivos de encabezado\Actors</Filter>
    </ClInclude>
    <ClInclude Include="chipmunk\prime.h">
      <Filter>Archivos de encabezado\Util\Chipmunk</Filter>
    </ClInclude>
    <ClInclude Include="State.h">
      <Filter>Archivos de encabezado\States</Filter>
    </ClInclude>
    <ClInclude Include="IdlePlayerState.h">
      <Filter>Archivos de encabezado\States\PlayerStates</Filter>
    </ClInclude>
    <ClInclude Include="MovingPlayerState.h">
      <Filter>Archivos de encabezado\States\PlayerStates</Filter>
    </ClInclude>
    <ClInclude Include="JumpingPlayerState.h">
      <Filter>Archivos de encabezado\States\PlayerStates</Filter>
    </ClInclude>
    <ClInclude Include="FallingPlayerState.h">
      <Filter>Archivos de encabezado\States\PlayerStates</Filter>
    </ClInclude>
    <ClInclude Include="ChipmunkHelper.h">
      <Filter>Archivos de encabezado\Util</Filter>
    </ClInclude>
    <ClInclude Include="DoubleJumpingPlayerState.h">
      <Filter>Archivos de encabezado\States\PlayerStates</Filter>
    </ClInclude>
    <ClInclude Include="SlidingPlayerState.h">
      <Filter>Archivos de encabezado\States\PlayerStates</Filter>
    </ClInclude>
    <ClInclude Include="DashingPlayerState.h">
      <Filter>Archivos de encabezado\States\PlayerStates</Filter>
    </ClInclude>
    <ClInclude Include="Weapon.h">
      <Filter>Archivos de encabezado\Actors\Weapons</Filter>
    </ClInclude>
    <ClInclude Include="WeaponSpawner.h">
      <Filter>Archivos de encabezado\Actors\Weapons</Filter>
    </ClInclude>
    <ClInclude Include="Projectile.h">
      <Filter>Archivos de encabezado\Actors</Filter>
    </ClInclude>
    <ClInclude Include="StateFactory.h">
      <Filter>Archivos de encabezado\Factories</Filter>
    </ClInclude>
    <ClInclude Include="WeaponFactory.h">
      <Filter>Archivos de encabezado\Factories</Filter>
    </ClInclude>
    <ClInclude Include="AutomaticWeapon.h">
      <Filter>Archivos de encabezado\Actors\Weapons\Auto</Filter>
    </ClInclude>
    <ClInclude Include="Ak47.h">
      <Filter>Archivos de encabezado\Actors\Weapons\Auto</Filter>
    </ClInclude>
    <ClInclude Include="LoadedWeaponState.h">
      <Filter>Archivos de encabezado\States\WeaponStates</Filter>
    </ClInclude>
    <ClInclude Include="ReloadingWeaponState.h">
      <Filter>Archivos de encabezado\States\WeaponStates</Filter>
    </ClInclude>
    <ClInclude Include="EmptyWeaponState.h">
      <Filter>Archivos de encabezado\States\WeaponStates</Filter>
    </ClInclude>
    <ClInclude Include="WeaponStateBase.h">
      <Filter>Archivos de encabezado\States\WeaponStates</Filter>
    </ClInclude>
    <ClInclude Include="WeaponState.h">
      <Filter>Archivos de encabezado\States</Filter>
    </ClInclude>
    <ClInclude Include="PlayerState.h">
      <Filter>Archivos de encabezado\States</Filter>
    </ClInclude>
    <ClInclude Include="PlayerStateBase.h">
      <Filter>Archivos de encabezado\States\PlayerStates</Filter>
    </ClInclude>
    <ClInclude Include="AudioPlayer.h">
      <Filter>Archivos de encabezado\Audio</Filter>
    </ClInclude>
    <ClInclude Include="BackgroundAudio.h">
      <Filter>Archivos de encabezado\Audio</Filter>
    </ClInclude>
    <ClInclude Include="SoundEffect.h">
      <Filter>Archivos de encabezado\Audio</Filter>
    </ClInclude>
    <ClInclude Include="Broadcaster.h">
      <Filter>Archivos de encabezado</Filter>
    </ClInclude>
    <ClInclude Include="DyingPlayerState.h">
      <Filter>Archivos de encabezado\States\PlayerStates</Filter>
    </ClInclude>
    <ClInclude Include="Hud.h">
      <Filter>Archivos de encabezado\Hud</Filter>
    </ClInclude>
    <ClInclude Include="HudInstance.h">
      <Filter>Archivos de encabezado\Hud</Filter>
    </ClInclude>
    <ClInclude Include="Text.h">
      <Filter>Archivos de encabezado\Hud\Modules</Filter>
    </ClInclude>
    <ClInclude Include="Pointer.h">
      <Filter>Archivos de encabezado\Hud\Modules</Filter>
    </ClInclude>
    <ClInclude Include="WeaponDisplay.h">
      <Filter>Archivos de encabezado\Hud\Modules</Filter>
    </ClInclude>
    <ClInclude Include="M4.h">
      <Filter>Archivos de encabezado\Actors\Weapons\Auto</Filter>
    </ClInclude>
  </ItemGroup>
</Project>