<?xml version="1.0" encoding="utf-8"?>
<Project ToolsVersion="4.0" xmlns="http://schemas.microsoft.com/developer/msbuild/2003">
  <ItemGroup>
    <Filter Include="Archivos de origen">
      <UniqueIdentifier>{4FC737F1-C7A5-4376-A066-2A32D752A2FF}</UniqueIdentifier>
      <Extensions>cpp;c;cc;cxx;c++;cppm;ixx;def;odl;idl;hpj;bat;asm;asmx</Extensions>
    </Filter>
    <Filter Include="Archivos de encabezado">
      <UniqueIdentifier>{93995380-89BD-4b04-88EB-625FBE52EBFB}</UniqueIdentifier>
      <Extensions>h;hh;hpp;hxx;h++;hm;inl;inc;ipp;xsd</Extensions>
    </Filter>
    <Filter Include="Archivos de recursos">
      <UniqueIdentifier>{67DA6AB6-F800-4c08-8B7A-83BB121AAD01}</UniqueIdentifier>
      <Extensions>rc;ico;cur;bmp;dlg;rc2;rct;bin;rgs;gif;jpg;jpeg;jpe;resx;tiff;tif;png;wav;mfcribbon-ms</Extensions>
    </Filter>
    <Filter Include="Archivos de encabezado\Layer">
      <UniqueIdentifier>{b239cacd-b7d0-47e7-b451-616044d378b0}</UniqueIdentifier>
    </Filter>
    <Filter Include="Archivos de origen\Layer">
      <UniqueIdentifier>{44fb0c48-a4a7-4160-8e3a-a8d9f016440d}</UniqueIdentifier>
    </Filter>
    <Filter Include="Archivos de encabezado\Scenario">
      <UniqueIdentifier>{586fc031-9a04-4a27-8784-e0cb2e68fdee}</UniqueIdentifier>
    </Filter>
    <Filter Include="Archivos de origen\Scenario">
      <UniqueIdentifier>{68c33409-6fd6-4518-8737-7e2d722ca940}</UniqueIdentifier>
    </Filter>
    <Filter Include="Archivos de encabezado\Actor">
      <UniqueIdentifier>{f5cd8c76-7958-4bfd-bb76-bb352060cc66}</UniqueIdentifier>
    </Filter>
    <Filter Include="Archivos de origen\Actor">
      <UniqueIdentifier>{c377cf1a-0db8-4c30-87fa-8e036bb41719}</UniqueIdentifier>
    </Filter>
    <Filter Include="Archivos de origen\Util">
      <UniqueIdentifier>{06060572-fa2a-40ad-aded-210ead6f4eb7}</UniqueIdentifier>
    </Filter>
    <Filter Include="Archivos de encabezado\Util">
      <UniqueIdentifier>{dbe258a4-0585-49fe-a295-46db73d4517b}</UniqueIdentifier>
    </Filter>
    <Filter Include="Archivos de encabezado\Actor\Map">
      <UniqueIdentifier>{06507570-696b-436a-9a6d-9817a03758ae}</UniqueIdentifier>
    </Filter>
    <Filter Include="Archivos de origen\Actor\Map">
      <UniqueIdentifier>{60a9522b-85da-407b-a14e-bd9f26fd1db0}</UniqueIdentifier>
    </Filter>
    <Filter Include="Archivos de encabezado\Util\Chipmunk">
      <UniqueIdentifier>{0ebd7796-a2f5-4866-a54a-11d6552f6560}</UniqueIdentifier>
    </Filter>
    <Filter Include="Archivos de origen\Util\Chipmunk">
      <UniqueIdentifier>{c868ad0b-82a5-4772-8b34-ffef86a97c8e}</UniqueIdentifier>
    </Filter>
    <Filter Include="Archivos de encabezado\State">
      <UniqueIdentifier>{53d6af94-489a-4f8c-a36b-bc4bace1145b}</UniqueIdentifier>
    </Filter>
    <Filter Include="Archivos de origen\State">
      <UniqueIdentifier>{3edeffff-28ff-4f5f-959f-1e96583f10be}</UniqueIdentifier>
    </Filter>
    <Filter Include="Archivos de encabezado\State\Player">
      <UniqueIdentifier>{4a775da0-85b5-4ab9-a3e0-b80c8365398d}</UniqueIdentifier>
    </Filter>
    <Filter Include="Archivos de origen\State\Player">
      <UniqueIdentifier>{d2662232-5882-4332-9528-ad0f5080121c}</UniqueIdentifier>
    </Filter>
  </ItemGroup>
  <ItemGroup>
    <ClCompile Include="Main.cpp">
      <Filter>Archivos de origen</Filter>
    </ClCompile>
    <ClCompile Include="Game.cpp">
      <Filter>Archivos de origen</Filter>
    </ClCompile>
    <ClCompile Include="Layer.cpp">
      <Filter>Archivos de origen\Layer</Filter>
    </ClCompile>
    <ClCompile Include="GameLayer.cpp">
      <Filter>Archivos de origen\Layer</Filter>
    </ClCompile>
    <ClCompile Include="Scenario.cpp">
      <Filter>Archivos de origen\Scenario</Filter>
    </ClCompile>
    <ClCompile Include="Map.cpp">
      <Filter>Archivos de origen\Scenario</Filter>
    </ClCompile>
    <ClCompile Include="Actor.cpp">
      <Filter>Archivos de origen\Actor</Filter>
    </ClCompile>
    <ClCompile Include="tinyxml2.cpp">
      <Filter>Archivos de origen\Util</Filter>
    </ClCompile>
    <ClCompile Include="Tile.cpp">
      <Filter>Archivos de origen\Actor\Map</Filter>
    </ClCompile>
    <ClCompile Include="Parallax.cpp">
      <Filter>Archivos de origen\Actor\Map</Filter>
    </ClCompile>
    <ClCompile Include="Background.cpp">
      <Filter>Archivos de origen\Scenario</Filter>
    </ClCompile>
    <ClCompile Include="Player.cpp">
      <Filter>Archivos de origen\Actor</Filter>
    </ClCompile>
    <ClCompile Include="chipmunk\chipmunk.c">
      <Filter>Archivos de origen\Util\Chipmunk</Filter>
    </ClCompile>
    <ClCompile Include="chipmunk\cpArbiter.c">
      <Filter>Archivos de origen\Util\Chipmunk</Filter>
    </ClCompile>
    <ClCompile Include="chipmunk\cpArray.c">
      <Filter>Archivos de origen\Util\Chipmunk</Filter>
    </ClCompile>
    <ClCompile Include="chipmunk\cpBBTree.c">
      <Filter>Archivos de origen\Util\Chipmunk</Filter>
    </ClCompile>
    <ClCompile Include="chipmunk\cpBody.c">
      <Filter>Archivos de origen\Util\Chipmunk</Filter>
    </ClCompile>
    <ClCompile Include="chipmunk\cpCollision.c">
      <Filter>Archivos de origen\Util\Chipmunk</Filter>
    </ClCompile>
    <ClCompile Include="chipmunk\cpConstraint.c">
      <Filter>Archivos de origen\Util\Chipmunk</Filter>
    </ClCompile>
    <ClCompile Include="chipmunk\cpDampedRotarySpring.c">
      <Filter>Archivos de origen\Util\Chipmunk</Filter>
    </ClCompile>
    <ClCompile Include="chipmunk\cpDampedSpring.c">
      <Filter>Archivos de origen\Util\Chipmunk</Filter>
    </ClCompile>
    <ClCompile Include="chipmunk\cpGearJoint.c">
      <Filter>Archivos de origen\Util\Chipmunk</Filter>
    </ClCompile>
    <ClCompile Include="chipmunk\cpGrooveJoint.c">
      <Filter>Archivos de origen\Util\Chipmunk</Filter>
    </ClCompile>
    <ClCompile Include="chipmunk\cpHashSet.c">
      <Filter>Archivos de origen\Util\Chipmunk</Filter>
    </ClCompile>
    <ClCompile Include="chipmunk\cpHastySpace.c">
      <Filter>Archivos de origen\Util\Chipmunk</Filter>
    </ClCompile>
    <ClCompile Include="chipmunk\cpMarch.c">
      <Filter>Archivos de origen\Util\Chipmunk</Filter>
    </ClCompile>
    <ClCompile Include="chipmunk\cpPinJoint.c">
      <Filter>Archivos de origen\Util\Chipmunk</Filter>
    </ClCompile>
    <ClCompile Include="chipmunk\cpPivotJoint.c">
      <Filter>Archivos de origen\Util\Chipmunk</Filter>
    </ClCompile>
    <ClCompile Include="chipmunk\cpPolyline.c">
      <Filter>Archivos de origen\Util\Chipmunk</Filter>
    </ClCompile>
    <ClCompile Include="chipmunk\cpPolyShape.c">
      <Filter>Archivos de origen\Util\Chipmunk</Filter>
    </ClCompile>
    <ClCompile Include="chipmunk\cpRatchetJoint.c">
      <Filter>Archivos de origen\Util\Chipmunk</Filter>
    </ClCompile>
    <ClCompile Include="chipmunk\cpRobust.c">
      <Filter>Archivos de origen\Util\Chipmunk</Filter>
    </ClCompile>
    <ClCompile Include="chipmunk\cpRotaryLimitJoint.c">
      <Filter>Archivos de origen\Util\Chipmunk</Filter>
    </ClCompile>
    <ClCompile Include="chipmunk\cpShape.c">
      <Filter>Archivos de origen\Util\Chipmunk</Filter>
    </ClCompile>
    <ClCompile Include="chipmunk\cpSimpleMotor.c">
      <Filter>Archivos de origen\Util\Chipmunk</Filter>
    </ClCompile>
    <ClCompile Include="chipmunk\cpSlideJoint.c">
      <Filter>Archivos de origen\Util\Chipmunk</Filter>
    </ClCompile>
    <ClCompile Include="chipmunk\cpSpace.c">
      <Filter>Archivos de origen\Util\Chipmunk</Filter>
    </ClCompile>
    <ClCompile Include="chipmunk\cpSpaceComponent.c">
      <Filter>Archivos de origen\Util\Chipmunk</Filter>
    </ClCompile>
    <ClCompile Include="chipmunk\cpSpaceDebug.c">
      <Filter>Archivos de origen\Util\Chipmunk</Filter>
    </ClCompile>
    <ClCompile Include="chipmunk\cpSpaceHash.c">
      <Filter>Archivos de origen\Util\Chipmunk</Filter>
    </ClCompile>
    <ClCompile Include="chipmunk\cpSpaceQuery.c">
      <Filter>Archivos de origen\Util\Chipmunk</Filter>
    </ClCompile>
    <ClCompile Include="chipmunk\cpSpaceStep.c">
      <Filter>Archivos de origen\Util\Chipmunk</Filter>
    </ClCompile>
    <ClCompile Include="chipmunk\cpSpatialIndex.c">
      <Filter>Archivos de origen\Util\Chipmunk</Filter>
    </ClCompile>
    <ClCompile Include="chipmunk\cpSweep1D.c">
      <Filter>Archivos de origen\Util\Chipmunk</Filter>
    </ClCompile>
    <ClCompile Include="State.cpp">
      <Filter>Archivos de origen\State</Filter>
    </ClCompile>
    <ClCompile Include="PlayerState.cpp">
      <Filter>Archivos de origen\State\Player</Filter>
    </ClCompile>
    <ClCompile Include="IdlePlayerState.cpp">
      <Filter>Archivos de origen\State\Player</Filter>
    </ClCompile>
    <ClCompile Include="MovingPlayerState.cpp">
      <Filter>Archivos de origen\State\Player</Filter>
    </ClCompile>
    <ClCompile Include="StateFactory.cpp">
      <Filter>Archivos de origen\State</Filter>
    </ClCompile>
    <ClCompile Include="JumpingPlayerState.cpp">
      <Filter>Archivos de origen\State\Player</Filter>
    </ClCompile>
    <ClCompile Include="FallingPlayerState.cpp">
      <Filter>Archivos de origen\State\Player</Filter>
    </ClCompile>
    <ClCompile Include="ChipmunkHelper.cpp">
      <Filter>Archivos de origen\Util</Filter>
    </ClCompile>
  </ItemGroup>
  <ItemGroup>
    <ClInclude Include="Game.h">
      <Filter>Archivos de encabezado</Filter>
    </ClInclude>
    <ClInclude Include="Layer.h">
      <Filter>Archivos de encabezado\Layer</Filter>
    </ClInclude>
    <ClInclude Include="GameLayer.h">
      <Filter>Archivos de encabezado\Layer</Filter>
    </ClInclude>
    <ClInclude Include="Scenario.h">
      <Filter>Archivos de encabezado\Scenario</Filter>
    </ClInclude>
    <ClInclude Include="Map.h">
      <Filter>Archivos de encabezado\Scenario</Filter>
    </ClInclude>
    <ClInclude Include="tinyxml2.h">
      <Filter>Archivos de encabezado\Util</Filter>
    </ClInclude>
    <ClInclude Include="Tile.h">
      <Filter>Archivos de encabezado\Actor\Map</Filter>
    </ClInclude>
    <ClInclude Include="Actor.h">
      <Filter>Archivos de encabezado\Actor</Filter>
    </ClInclude>
    <ClInclude Include="Parallax.h">
      <Filter>Archivos de encabezado\Actor\Map</Filter>
    </ClInclude>
    <ClInclude Include="Background.h">
      <Filter>Archivos de encabezado\Scenario</Filter>
    </ClInclude>
    <ClInclude Include="Player.h">
      <Filter>Archivos de encabezado\Actor</Filter>
    </ClInclude>
    <ClInclude Include="chipmunk\prime.h">
      <Filter>Archivos de encabezado\Util\Chipmunk</Filter>
    </ClInclude>
    <ClInclude Include="State.h">
      <Filter>Archivos de encabezado\State</Filter>
    </ClInclude>
    <ClInclude Include="PlayerState.h">
      <Filter>Archivos de encabezado\State\Player</Filter>
    </ClInclude>
    <ClInclude Include="IdlePlayerState.h">
      <Filter>Archivos de encabezado\State\Player</Filter>
    </ClInclude>
    <ClInclude Include="MovingPlayerState.h">
      <Filter>Archivos de encabezado\State\Player</Filter>
    </ClInclude>
    <ClInclude Include="StateFactory.h">
      <Filter>Archivos de encabezado\State</Filter>
    </ClInclude>
    <ClInclude Include="JumpingPlayerState.h">
      <Filter>Archivos de encabezado\State\Player</Filter>
    </ClInclude>
    <ClInclude Include="FallingPlayerState.h">
      <Filter>Archivos de encabezado\State\Player</Filter>
    </ClInclude>
    <ClInclude Include="ChipmunkHelper.h">
      <Filter>Archivos de encabezado\Util</Filter>
    </ClInclude>
  </ItemGroup>
</Project>